
Microsoft Visual Studio Solution File, Format Version 12.00
# Visual Studio Version 17
VisualStudioVersion = 17.8.34316.72
MinimumVisualStudioVersion = 10.0.40219.1
Project("{9A19103F-16F7-4668-BE54-9A1E7A4F7556}") = "BlazorApp1", "BlazorApp1.csproj", "{4793F205-ED2B-4B7E-AA0B-AC7F4AD9B6B7}"
EndProject
Project("{9A19103F-16F7-4668-BE54-9A1E7A4F7556}") = "dotnet-todo", "..\dotnet-todo\dotnet-todo.csproj", "{2574BAFB-FCEB-4423-82FB-5250EA9F85D3}"
EndProject
Global
	GlobalSection(SolutionConfigurationPlatforms) = preSolution
		Debug|Any CPU = Debug|Any CPU
		Release|Any CPU = Release|Any CPU
	EndGlobalSection
	GlobalSection(ProjectConfigurationPlatforms) = postSolution
		{4793F205-ED2B-4B7E-AA0B-AC7F4AD9B6B7}.Debug|Any CPU.ActiveCfg = Debug|Any CPU
		{4793F205-ED2B-4B7E-AA0B-AC7F4AD9B6B7}.Debug|Any CPU.Build.0 = Debug|Any CPU
		{4793F205-ED2B-4B7E-AA0B-AC7F4AD9B6B7}.Release|Any CPU.ActiveCfg = Release|Any CPU
		{4793F205-ED2B-4B7E-AA0B-AC7F4AD9B6B7}.Release|Any CPU.Build.0 = Release|Any CPU
		{2574BAFB-FCEB-4423-82FB-5250EA9F85D3}.Debug|Any CPU.ActiveCfg = Debug|Any CPU
		{2574BAFB-FCEB-4423-82FB-5250EA9F85D3}.Debug|Any CPU.Build.0 = Debug|Any CPU
		{2574BAFB-FCEB-4423-82FB-5250EA9F85D3}.Release|Any CPU.ActiveCfg = Release|Any CPU
		{2574BAFB-FCEB-4423-82FB-5250EA9F85D3}.Release|Any CPU.Build.0 = Release|Any CPU
	EndGlobalSection
	GlobalSection(SolutionProperties) = preSolution
		HideSolutionNode = FALSE
	EndGlobalSection
	GlobalSection(ExtensibilityGlobals) = postSolution
		SolutionGuid = {A02EF87E-8649-4687-92D7-466D35678664}
	EndGlobalSection
EndGlobal
